
Microsoft Visual Studio Solution File, Format Version 12.00
# Visual Studio 15
VisualStudioVersion = 15.0.27130.2020
MinimumVisualStudioVersion = 10.0.40219.1
Project("{FAE04EC0-301F-11D3-BF4B-00C04F79EFBC}") = "Eggs and Ham", "Eggs and Ham\Eggs and Ham.csproj", "{B03DF1AD-7F30-43CC-BA70-8CA68EDF23B4}"
EndProject
Global
	GlobalSection(SolutionConfigurationPlatforms) = preSolution
		Debug|Any CPU = Debug|Any CPU
		Release|Any CPU = Release|Any CPU
	EndGlobalSection
	GlobalSection(ProjectConfigurationPlatforms) = postSolution
		{B03DF1AD-7F30-43CC-BA70-8CA68EDF23B4}.Debug|Any CPU.ActiveCfg = Debug|Any CPU
		{B03DF1AD-7F30-43CC-BA70-8CA68EDF23B4}.Debug|Any CPU.Build.0 = Debug|Any CPU
		{B03DF1AD-7F30-43CC-BA70-8CA68EDF23B4}.Release|Any CPU.ActiveCfg = Release|Any CPU
		{B03DF1AD-7F30-43CC-BA70-8CA68EDF23B4}.Release|Any CPU.Build.0 = Release|Any CPU
	EndGlobalSection
	GlobalSection(SolutionProperties) = preSolution
		HideSolutionNode = FALSE
	EndGlobalSection
	GlobalSection(ExtensibilityGlobals) = postSolution
		SolutionGuid = {68CE5F07-512B-41B9-96EA-09425F34AC4D}
	EndGlobalSection
EndGlobal
